Microsoft Visual Studio Solution File, Format Version 11.00
# Visual Studio 2008

Project("{1A318859-2A95-8BE5-4E02-322D5158C9C4}") = "Born-To-Perform", "Assembly-CSharp-firstpass.csproj", "{2B5D6506-BF3F-AEB6-F0DF-9D400B3149F5}"
EndProject
Project("{1A318859-2A95-8BE5-4E02-322D5158C9C4}") = "Born-To-Perform", "Assembly-CSharp.csproj", "{FDDF2E9B-813F-C2B9-6618-5CF742B0837A}"
EndProject
Project("{1A318859-2A95-8BE5-4E02-322D5158C9C4}") = "Born-To-Perform", "Assembly-CSharp-Editor-firstpass.csproj", "{0770B40F-CA9A-6404-9D1A-0F21FEE53820}"
EndProject
Global
	GlobalSection(SolutionConfigurationPlatforms) = preSolution
		Debug|Any CPU = Debug|Any CPU
		Release|Any CPU = Release|Any CPU
	EndGlobalSection
	GlobalSection(ProjectConfigurationPlatforms) = postSolution
		{2B5D6506-BF3F-AEB6-F0DF-9D400B3149F5}.Debug|Any CPU.ActiveCfg = Debug|Any CPU
		{2B5D6506-BF3F-AEB6-F0DF-9D400B3149F5}.Debug|Any CPU.Build.0 = Debug|Any CPU
		{2B5D6506-BF3F-AEB6-F0DF-9D400B3149F5}.Release|Any CPU.ActiveCfg = Release|Any CPU
		{2B5D6506-BF3F-AEB6-F0DF-9D400B3149F5}.Release|Any CPU.Build.0 = Release|Any CPU
		{FDDF2E9B-813F-C2B9-6618-5CF742B0837A}.Debug|Any CPU.ActiveCfg = Debug|Any CPU
		{FDDF2E9B-813F-C2B9-6618-5CF742B0837A}.Debug|Any CPU.Build.0 = Debug|Any CPU
		{FDDF2E9B-813F-C2B9-6618-5CF742B0837A}.Release|Any CPU.ActiveCfg = Release|Any CPU
		{FDDF2E9B-813F-C2B9-6618-5CF742B0837A}.Release|Any CPU.Build.0 = Release|Any CPU
		{0770B40F-CA9A-6404-9D1A-0F21FEE53820}.Debug|Any CPU.ActiveCfg = Debug|Any CPU
		{0770B40F-CA9A-6404-9D1A-0F21FEE53820}.Debug|Any CPU.Build.0 = Debug|Any CPU
		{0770B40F-CA9A-6404-9D1A-0F21FEE53820}.Release|Any CPU.ActiveCfg = Release|Any CPU
		{0770B40F-CA9A-6404-9D1A-0F21FEE53820}.Release|Any CPU.Build.0 = Release|Any CPU
	EndGlobalSection
	GlobalSection(SolutionProperties) = preSolution
		HideSolutionNode = FALSE
	EndGlobalSection
	GlobalSection(MonoDevelopProperties) = preSolution
		StartupItem = Assembly-CSharp.csproj
	EndGlobalSection
EndGlobal
